{
  "nodes": {
    "flake-lock": {
      "inputs": {
        "flake-parts": "flake-parts",
        "nixpkgs": "nixpkgs"
      },
      "locked": {
        "lastModified": 1684722268,
        "narHash": "sha256-RgSh+vSucWWKemULlI5CeHUfYUaKZR6KmvdYdxZLRTQ=",
        "owner": "wrvsrx",
        "repo": "flake-lock",
        "rev": "25dfe2e01a1167cd166ff52dc57507cedc9d477c",
        "type": "github"
      },
      "original": {
        "owner": "wrvsrx",
        "repo": "flake-lock",
        "type": "github"
      }
    },
    "flake-parts": {
      "inputs": {
        "nixpkgs-lib": [
          "flake-lock",
          "nixpkgs"
        ]
      },
      "locked": {
        "lastModified": 1683560683,
        "narHash": "sha256-XAygPMN5Xnk/W2c1aW0jyEa6lfMDZWlQgiNtmHXytPc=",
        "owner": "hercules-ci",
        "repo": "flake-parts",
        "rev": "006c75898cf814ef9497252b022e91c946ba8e17",
        "type": "github"
      },
      "original": {
        "owner": "hercules-ci",
        "repo": "flake-parts",
        "type": "github"
      }
    },
    "nixpkgs": {
      "locked": {
        "lastModified": 1684570954,
        "narHash": "sha256-FX5y4Sm87RWwfu9PI71XFvuRpZLowh00FQpIJ1WfXqE=",
        "owner": "NixOS",
        "repo": "nixpkgs",
        "rev": "3005f20ce0aaa58169cdee57c8aa12e5f1b6e1b3",
        "type": "github"
      },
      "original": {
        "owner": "NixOS",
        "ref": "nixos-unstable",
        "repo": "nixpkgs",
        "type": "github"
      }
    },
    "root": {
      "inputs": {
        "flake-lock": "flake-lock",
        "flake-parts": [
          "flake-lock",
          "flake-parts"
        ],
        "nixpkgs": [
          "flake-lock",
          "nixpkgs"
        ]
      }
    }
  },
  "root": "root",
  "version": 7
}
